# @generated - this file is auto-generated by `mise lock` https://mise.en.dev/dev-tools/mise-lock.html

[[tools.bun]]
version = "1.3.13"
backend = "core:bun"

[tools.bun."platforms.linux-arm64"]
checksum = "sha256:70bae41b3908b0a120e1e58c5c8af30e74afae3b8d11b0d3fdd8e787ddfb4b22"
url = "https://github.com/oven-sh/bun/releases/download/bun-v1.3.13/bun-linux-aarch64.zip"

[tools.bun."platforms.linux-arm64-musl"]
checksum = "sha256:5385e978107ce4934298d8d6afe9bfbb898683f6cc23e6753a0da60bc60c5b81"
url = "https://github.com/oven-sh/bun/releases/download/bun-v1.3.13/bun-linux-aarch64-musl.zip"

[tools.bun."platforms.linux-x64"]
checksum = "sha256:79c0771fa8b92c33aae41e15a0e0d307ea99d0e2f00317c71c6c53237a78e25a"
url = "https://github.com/oven-sh/bun/releases/download/bun-v1.3.13/bun-linux-x64.zip"

[tools.bun."platforms.linux-x64-baseline"]
checksum = "sha256:9d8a24292a7068090205daac0a5a223f5f69736f5287e37bf88d3b4031edc750"
url = "https://github.com/oven-sh/bun/releases/download/bun-v1.3.13/bun-linux-x64-baseline.zip"

[tools.bun."platforms.linux-x64-musl"]
checksum = "sha256:5b91a48f0b00df9fd2da8bff1a795d2659d842da966432969203f25da19d1c74"
url = "https://github.com/oven-sh/bun/releases/download/bun-v1.3.13/bun-linux-x64-musl.zip"

[tools.bun."platforms.linux-x64-musl-baseline"]
checksum = "sha256:88ca7c7ad235b498f549eea2f770f434e9f0f5e9ba95168a2d3a1f235184c394"
url = "https://github.com/oven-sh/bun/releases/download/bun-v1.3.13/bun-linux-x64-musl-baseline.zip"

[tools.bun."platforms.macos-arm64"]
checksum = "sha256:5467e3f65dba526b9fea98f0cce04efafc0c63e169733ec27b876a3ad32da190"
url = "https://github.com/oven-sh/bun/releases/download/bun-v1.3.13/bun-darwin-aarch64.zip"

[tools.bun."platforms.macos-x64"]
checksum = "sha256:e5a6c8b64f419925232d111ecb13e25f0abf55e54f792341f987623fd0778009"
url = "https://github.com/oven-sh/bun/releases/download/bun-v1.3.13/bun-darwin-x64.zip"

[tools.bun."platforms.macos-x64-baseline"]
checksum = "sha256:a98ba6a480f22fda9b343626b906a4e26aa53618bf85d2bc5928ecf2ba45f0ed"
url = "https://github.com/oven-sh/bun/releases/download/bun-v1.3.13/bun-darwin-x64-baseline.zip"

[tools.bun."platforms.windows-x64"]
checksum = "sha256:85b14f3e0584218e9b63407b3aa6b90c4835ec5c32435c1f12cb6fc13667c7c9"
url = "https://github.com/oven-sh/bun/releases/download/bun-v1.3.13/bun-windows-x64.zip"

[tools.bun."platforms.windows-x64-baseline"]
checksum = "sha256:c68c7903c1190101590cc1b2129835f47211b3b37ae87759f2b97d6534aa3ad1"
url = "https://github.com/oven-sh/bun/releases/download/bun-v1.3.13/bun-windows-x64-baseline.zip"

[[tools.python]]
version = "3.13.0"
backend = "core:python"

[tools.python."platforms.linux-arm64"]
checksum = "sha256:06e633164cb0133685a2ce14af88df0dbcaea4b0b2c5d3348d6b81393307481a"
url = "https://github.com/astral-sh/python-build-standalone/releases/download/20241016/cpython-3.13.0+20241016-aarch64-unknown-linux-gnu-install_only_stripped.tar.gz"
provenance = "github-attestations"

[tools.python."platforms.linux-x64"]
checksum = "sha256:b5e74d1e16402b633c6f04519618231fc0dbae7d2f9e4b1ac17c294cc3d3d076"
url = "https://github.com/astral-sh/python-build-standalone/releases/download/20241016/cpython-3.13.0+20241016-x86_64-unknown-linux-gnu-install_only_stripped.tar.gz"
provenance = "github-attestations"

[tools.python."platforms.linux-x64-musl"]
checksum = "sha256:10978500ab6589760716c644aeadffa0f2c0bf31ea10f0c6160fee933933a567"
url = "https://github.com/astral-sh/python-build-standalone/releases/download/20241016/cpython-3.13.0+20241016-x86_64-unknown-linux-musl-install_only_stripped.tar.gz"
provenance = "github-attestations"

[tools.python."platforms.macos-arm64"]
checksum = "sha256:e94fafbac07da52c965cb6a7ffc51ce779bd253cd98af801347aac791b96499f"
url = "https://github.com/astral-sh/python-build-standalone/releases/download/20241016/cpython-3.13.0+20241016-aarch64-apple-darwin-install_only_stripped.tar.gz"
provenance = "github-attestations"

[tools.python."platforms.macos-x64"]
checksum = "sha256:406664681bd44af35756ad08f5304f1ec57070bb76fae8ff357ff177f229b224"
url = "https://github.com/astral-sh/python-build-standalone/releases/download/20241016/cpython-3.13.0+20241016-x86_64-apple-darwin-install_only_stripped.tar.gz"
provenance = "github-attestations"

[tools.python."platforms.windows-x64"]
checksum = "sha256:c8134287496727922a5c47896b4f2b1623e3aab91cbb7c1ca64542db7593f3f1"
url = "https://github.com/astral-sh/python-build-standalone/releases/download/20241016/cpython-3.13.0+20241016-x86_64-pc-windows-msvc-install_only_stripped.tar.gz"
provenance = "github-attestations"

[tools.python."platforms.windows-x64-baseline"]
checksum = "sha256:c8134287496727922a5c47896b4f2b1623e3aab91cbb7c1ca64542db7593f3f1"
url = "https://github.com/astral-sh/python-build-standalone/releases/download/20241016/cpython-3.13.0+20241016-x86_64-pc-windows-msvc-install_only_stripped.tar.gz"
provenance = "github-attestations"

[[tools.vale]]
version = "3.14.2"
backend = "aqua:vale-cli/vale"

[tools.vale."platforms.linux-arm64"]
checksum = "sha256:b11fa9955b93814f993442568b9b922604cc4b574643037b84900e9514860802"
url = "https://github.com/vale-cli/vale/releases/download/v3.14.2/vale_3.14.2_Linux_arm64.tar.gz"

[tools.vale."platforms.linux-arm64-musl"]
checksum = "sha256:b11fa9955b93814f993442568b9b922604cc4b574643037b84900e9514860802"
url = "https://github.com/vale-cli/vale/releases/download/v3.14.2/vale_3.14.2_Linux_arm64.tar.gz"

[tools.vale."platforms.linux-x64"]
checksum = "sha256:469cf88ec58a374dca14b2564c4391d2c9a1c632210aa0b642758b794082e05f"
url = "https://github.com/vale-cli/vale/releases/download/v3.14.2/vale_3.14.2_Linux_64-bit.tar.gz"

[tools.vale."platforms.linux-x64-baseline"]
checksum = "sha256:469cf88ec58a374dca14b2564c4391d2c9a1c632210aa0b642758b794082e05f"
url = "https://github.com/vale-cli/vale/releases/download/v3.14.2/vale_3.14.2_Linux_64-bit.tar.gz"

[tools.vale."platforms.linux-x64-musl"]
checksum = "sha256:469cf88ec58a374dca14b2564c4391d2c9a1c632210aa0b642758b794082e05f"
url = "https://github.com/vale-cli/vale/releases/download/v3.14.2/vale_3.14.2_Linux_64-bit.tar.gz"

[tools.vale."platforms.linux-x64-musl-baseline"]
checksum = "sha256:469cf88ec58a374dca14b2564c4391d2c9a1c632210aa0b642758b794082e05f"
url = "https://github.com/vale-cli/vale/releases/download/v3.14.2/vale_3.14.2_Linux_64-bit.tar.gz"

[tools.vale."platforms.macos-arm64"]
checksum = "sha256:14305f4e5e0756351ffd4ff8dd1e561c5d49f6a27360834238d832d9e64ac70f"
url = "https://github.com/vale-cli/vale/releases/download/v3.14.2/vale_3.14.2_macOS_arm64.tar.gz"

[tools.vale."platforms.macos-x64"]
checksum = "sha256:083d1494dd411ee65ce4e14106426d69908b4fe65d35cc0576cdd70e6c3c2dae"
url = "https://github.com/vale-cli/vale/releases/download/v3.14.2/vale_3.14.2_macOS_64-bit.tar.gz"

[tools.vale."platforms.macos-x64-baseline"]
checksum = "sha256:083d1494dd411ee65ce4e14106426d69908b4fe65d35cc0576cdd70e6c3c2dae"
url = "https://github.com/vale-cli/vale/releases/download/v3.14.2/vale_3.14.2_macOS_64-bit.tar.gz"

[tools.vale."platforms.windows-x64"]
checksum = "sha256:2469b1635264cbe3ef2e5111270f03ec7583679ed76421155f4dd390fcc18874"
url = "https://github.com/vale-cli/vale/releases/download/v3.14.2/vale_3.14.2_Windows_64-bit.zip"

[tools.vale."platforms.windows-x64-baseline"]
checksum = "sha256:2469b1635264cbe3ef2e5111270f03ec7583679ed76421155f4dd390fcc18874"
url = "https://github.com/vale-cli/vale/releases/download/v3.14.2/vale_3.14.2_Windows_64-bit.zip"
